{
  "name": "create-tsgraphql-server",
  "version": "1.0.0",
  "lockfileVersion": 2,
  "requires": true,
  "packages": {
    "": {
      "name": "create-tsgraphql-server",
      "version": "1.0.0",
      "license": "MIT",
      "bin": {
        "create-tsgraphql-server": "index.js"
      }
    }
  }
}