{
  "name": "@lucasgobatto/create-tsgraphql-server",
  "version": "1.0.0",
  "lockfileVersion": 2,
  "requires": true,
  "packages": {
    "": {
      "name": "@lucasgobatto/create-tsgraphql-server",
      "version": "1.0.0",
      "license": "MIT",
      "bin": {
        "create-graphql-server": "index.js"
      }
    }
  }
}
